schemas.sql
extensions.sql
types/app/authority_confirmation_method.sql
types/app/authority_confirmation_status.sql
types/app/category.sql
types/app/contact_reason.sql
types/app/crawler_status.sql
types/app/iso639_code.sql
types/app/iso3166_1_alpha2_code.sql
types/app/iso639_1_alpha2_code.sql
types/app/level.sql
types/app/locale.sql
types/app/pace.sql
types/app/payment_source.sql
types/app/payment_status.sql
types/app/post_status.sql
types/app/preview_course_status.sql
types/app/provider_logo.sql
types/app/sitemap.sql
types/app/source.sql
types/app/username.sql
tables/app/admin_accounts.sql
tables/app/admin_profiles.sql
tables/app/user_accounts.sql
tables/app/certificates.sql
tables/app/contacts.sql
tables/app/providers.sql
tables/app/courses.sql
tables/app/tracked_searches.sql
tables/app/enrollments.sql
tables/app/tracked_actions.sql
tables/app/course_reviews.sql
tables/app/provider_crawlers.sql
tables/app/crawler_domains.sql
tables/app/crawling_events.sql
tables/app/direct_uploads.sql
tables/app/favorites.sql
tables/app/images.sql
tables/app/landing_pages.sql
tables/app/oauth_accounts.sql
tables/app/orphaned_profiles.sql
tables/app/posts.sql
tables/app/preview_courses.sql
tables/app/preview_course_images.sql
tables/app/profiles.sql
tables/app/used_usernames.sql
tables/app/promo_accounts.sql
tables/app/promo_account_logs.sql
tables/app/provider_logos.sql
tables/app/slug_histories.sql
tables/app/subscriptions.sql
tables/public/ar_internal_metadata.sql
procedures/public/que_validate_tags.sql
tables/public/que_jobs.sql
tables/public/que_lockers.sql
tables/public/que_values.sql
tables/public/schema_migrations.sql
tables/settings/secrets.sql
procedures/api/admin_login.sql
procedures/api/user_login.sql
procedures/app/content_type_by_extension.sql
procedures/app/fill_sitemaps.sql
procedures/app/merge_sitemaps.sql
procedures/app/new_sitemaps.sql
procedures/app/normalize_languages.sql
procedures/app/sign_certificate_s3_fetch.sql
procedures/app/sign_certificate_s3_upload.sql
procedures/app/sign_direct_s3_fetch.sql
procedures/app/sign_direct_s3_upload.sql
procedures/app/sign_s3_fetch.sql
procedures/app/sign_s3_upload.sql
procedures/app/slugify.sql
procedures/jwt/url_encode.sql
procedures/jwt/algorithm_sign.sql
procedures/jwt/sign.sql
procedures/jwt/url_decode.sql
procedures/jwt/verify.sql
procedures/public/if_admin.sql
procedures/public/if_user_by_id.sql
procedures/public/if_user_by_ids.sql
procedures/public/que_determine_job_state.sql
procedures/public/que_job_notify.sql
procedures/public/que_state_notify.sql
procedures/settings/get.sql
procedures/settings/set.sql
procedures/triggers/course_keep_slug.sql
procedures/triggers/course_normalize_languages.sql
procedures/triggers/create_subscription.sql
procedures/triggers/encrypt_password.sql
procedures/triggers/gen_compound_ext_id.sql
procedures/triggers/insert_or_add_to_provider.sql
procedures/triggers/md5_url.sql
procedures/triggers/sort_prices.sql
procedures/triggers/track_updated_at.sql
procedures/triggers/use_username.sql
procedures/triggers/validate_profiles.sql
procedures/triggers/validate_provider_crawler_urls.sql
procedures/triggers/validate_sitemaps.sql
procedures/triggers/validate_user_account_ids.sql
procedures/triggers/validate_website.sql
triggers/app/admin_accounts.sql
triggers/app/admin_profiles.sql
triggers/app/certificates.sql
triggers/app/contacts.sql
triggers/app/course_reviews.sql
triggers/app/courses.sql
triggers/app/crawler_domains.sql
triggers/app/crawling_events.sql
triggers/app/direct_uploads.sql
triggers/app/enrollments.sql
triggers/app/favorites.sql
triggers/app/images.sql
triggers/app/landing_pages.sql
triggers/app/oauth_accounts.sql
triggers/app/orphaned_profiles.sql
triggers/app/posts.sql
triggers/app/preview_course_images.sql
triggers/app/preview_courses.sql
triggers/app/profiles.sql
triggers/app/promo_accounts.sql
triggers/app/provider_crawlers.sql
triggers/app/providers.sql
triggers/app/slug_histories.sql
triggers/app/tracked_actions.sql
triggers/app/tracked_searches.sql
triggers/app/user_accounts.sql
triggers/public/ar_internal_metadata.sql
triggers/public/que_jobs.sql
indexes/app/admin_accounts.sql
indexes/app/admin_profiles.sql
indexes/app/course_reviews.sql
indexes/app/courses.sql
indexes/app/crawler_domains.sql
indexes/app/enrollments.sql
indexes/app/favorites.sql
indexes/app/indexes.sql
indexes/app/landing_pages.sql
indexes/app/oauth_accounts.sql
indexes/app/orphaned_profiles.sql
indexes/app/posts.sql
indexes/app/profiles.sql
indexes/app/promo_accounts.sql
indexes/app/provider_logos.sql
indexes/app/providers.sql
indexes/app/slug_histories.sql
indexes/app/subscriptions.sql
indexes/app/tracked_actions.sql
indexes/app/tracked_searches.sql
indexes/app/used_usernames.sql
indexes/app/user_accounts.sql
indexes/public/que_jobs.sql
views/api/admin_accounts.sql
views/api/certificates.sql
views/api/crawler_domains.sql
views/api/crawling_events.sql
views/api/earnings.sql
views/api/preview_courses.sql
views/api/preview_course_images.sql
views/api/profiles.sql
views/api/promo_accounts.sql
views/api/provider_crawlers.sql
views/api/provider_logos.sql
views/api/providers.sql
views/api/user_accounts.sql
views/subsets/courses.sql
views/subsets/enrollments.sql
views/subsets/tracked_actions.sql
auth/anonymous.sql
auth/marketing.sql
auth/user.sql
auth/admin.sql
auth/authenticator.sql
data/public/schema_migrations.sql
data/settings/secrets.sql
