vendor/json_schema/json_schema.sql
schemas.sql
extensions.sql
types/app/pipe_process_status.sql
types/app/pipeline_status.sql
types/app/resource_status.sql
tables/app/datasets.sql
tables/app/pipeline_templates.sql
tables/app/pipeline_executions.sql
tables/app/pipelines.sql
tables/app/pipe_processes.sql
tables/app/resource_schemas.sql
tables/app/resources.sql
tables/app/resource_versions.sql
tables/app/users.sql
tables/public/ar_internal_metadata.sql
procedures/public/que_validate_tags.sql
tables/public/que_jobs.sql
tables/public/que_lockers.sql
tables/public/que_values.sql
tables/public/schema_migrations.sql
tables/settings/secrets.sql
procedures/api/login.sql
procedures/app/eval.sql
procedures/app/invoke_sql_or_enqueue_job.sql
procedures/app/jsonb_merge.sql
procedures/app/pipe_process_enqueue_call.sql
procedures/app/update_pipeline_counters.sql
procedures/app/pipeline_call.sql
procedures/app/pipeline_execution_invoke_call.sql
procedures/app/pipeline_execution_update_status.sql
procedures/jwt/url_encode.sql
procedures/jwt/algorithm_sign.sql
procedures/jwt/sign.sql
procedures/jwt/url_decode.sql
procedures/jwt/verify.sql
procedures/public/if_dataset_id.sql
procedures/public/if_user_by_id.sql
procedures/public/que_determine_job_state.sql
procedures/public/que_job_notify.sql
procedures/public/que_state_notify.sql
procedures/settings/get.sql
procedures/settings/set.sql
procedures/triggers/pipe_process_delete_que_jobs.sql
procedures/triggers/pipe_process_update_pipeline_counters.sql
procedures/triggers/pipe_process_update_pipeline_total_count.sql
procedures/triggers/pipeline_delete_que_jobs.sql
procedures/triggers/pipeline_execution_delete_que_jobs.sql
procedures/triggers/pipeline_execution_schedule_itself.sql
procedures/triggers/pipeline_execution_schedule_next.sql
procedures/triggers/pipeline_invoke_bootstrap.sql
procedures/triggers/pipeline_invoke_status_callback.sql
procedures/triggers/pipeline_setup_from_template.sql
procedures/triggers/pipeline_update_status.sql
procedures/triggers/resource_increase_sequence.sql
procedures/triggers/resource_keeps_version.sql
procedures/triggers/resource_validate_content.sql
procedures/triggers/track_updated_at.sql
procedures/triggers/user_encrypt_password.sql
procedures/util/pipe_process_retry_call.sql
procedures/util/resource_versions_prune.sql
triggers/app/datasets.sql
triggers/app/pipe_processes.sql
triggers/app/pipeline_executions.sql
triggers/app/pipeline_templates.sql
triggers/app/pipelines.sql
triggers/app/resource_schemas.sql
triggers/app/resources.sql
triggers/app/users.sql
triggers/public/ar_internal_metadata.sql
triggers/public/que_jobs.sql
indexes/app/pipe_processes.sql
indexes/app/pipeline_templates.sql
indexes/app/pipelines.sql
indexes/app/resource_versions.sql
indexes/app/resources.sql
indexes/app/users.sql
indexes/public/que_jobs.sql
views/api/pipeline_executions.sql
views/api/pipeline_templates.sql
views/api/resource_schemas.sql
views/api/resource_versions.sql
views/api/resources.sql
views/api/users.sql
auth/anonymous.sql
auth/user.sql
auth/authenticator.sql
auth/grafana.sql
data/public/schema_migrations.sql
data/settings/secrets.sql
